// !$*UTF8*$!
{
	archiveVersion = 1;
	classes = {
	};
	objectVersion = 77;
	objects = {

/* Begin PBXBuildFile section */
		0CFE1F2EDC6A20038D493BDA /* Tokens.swift in Sources */ = {isa = PBXBuildFile; fileRef = 6D016BCB249C488EC97DBF25 /* Tokens.swift */; };
		0DFE06348B464F92F5334297 /* CPUUsage.swift in Sources */ = {isa = PBXBuildFile; fileRef = F9AB5AA6871BCF1DC1EEBBE7 /* CPUUsage.swift */; };
		13292970464831F33074AF3A /* MetricCardView.swift in Sources */ = {isa = PBXBuildFile; fileRef = 91C76F1ADD8A1D0EC7C3CCCC /* MetricCardView.swift */; };
		15DAB5064926E774708AA4A3 /* TemperatureTests.swift in Sources */ = {isa = PBXBuildFile; fileRef = F1A07555B3221FE4D57FED44 /* TemperatureTests.swift */; };
		1A2C69151BFE413F8609A063 /* FontRegistration.swift in Sources */ = {isa = PBXBuildFile; fileRef = 16699BC4854BB993A0BB6073 /* FontRegistration.swift */; };
		1A724723A0F5517BF2BB945B /* MemoryProvider.swift in Sources */ = {isa = PBXBuildFile; fileRef = EBCFA8BD7953C7F1E6ED403C /* MemoryProvider.swift */; };
		1E0778BF5B4D3664E6C18C9B /* SmoothingOverlay.swift in Sources */ = {isa = PBXBuildFile; fileRef = A61C78982D0A278875AC6792 /* SmoothingOverlay.swift */; };
		222AEAEE28AEA0F1432E10D0 /* SparklineView.swift in Sources */ = {isa = PBXBuildFile; fileRef = 00082133CD88B0F35342BB85 /* SparklineView.swift */; };
		24E614EA3299409018DD6491 /* Glyphs.swift in Sources */ = {isa = PBXBuildFile; fileRef = 416979B2919C07DC814AE533 /* Glyphs.swift */; };
		31926AD6C690491825627C11 /* OFL.txt in Resources */ = {isa = PBXBuildFile; fileRef = DECFD3734A1569FA8CFE4AF5 /* OFL.txt */; };
		32A2E4A4DC43E9ED03E0ADA7 /* Temperature.swift in Sources */ = {isa = PBXBuildFile; fileRef = 0721DEAA1855EE4C25F48F35 /* Temperature.swift */; };
		339352DA4758AE187D4E7000 /* MenuBarLabel.swift in Sources */ = {isa = PBXBuildFile; fileRef = 70F55E227946867EDB8D1BC9 /* MenuBarLabel.swift */; };
		34B7DAF861D1D07C5F31775B /* MetricProvider.swift in Sources */ = {isa = PBXBuildFile; fileRef = 3CC07BAFD29885CF7E76FF5D /* MetricProvider.swift */; };
		351A26180194AB3D3EF7C3F2 /* Theme.swift in Sources */ = {isa = PBXBuildFile; fileRef = 4533B30821882929BD063FA4 /* Theme.swift */; };
		36349F6A02D7C184EADAAD51 /* SparklineTests.swift in Sources */ = {isa = PBXBuildFile; fileRef = AEB8384534F32A983330C07B /* SparklineTests.swift */; };
		3B88FC69C5E47ED84C95CAB3 /* SystemMonitorTests.swift in Sources */ = {isa = PBXBuildFile; fileRef = CE8B45929FB77AE51839080D /* SystemMonitorTests.swift */; };
		4219CC4B500EF72AA9C617E6 /* CardPresentation.swift in Sources */ = {isa = PBXBuildFile; fileRef = 5FADA80FC02FE00A50BB9B45 /* CardPresentation.swift */; };
		4246E0D4D39477B3418FAF05 /* MetricState.swift in Sources */ = {isa = PBXBuildFile; fileRef = 8438B433DF80F449BCB80630 /* MetricState.swift */; };
		485735366A6681DDDB9B001C /* CPUUsageTests.swift in Sources */ = {isa = PBXBuildFile; fileRef = 5C6277EFF84708F461754CA3 /* CPUUsageTests.swift */; };
		4E447F926511D41AB43E6AF4 /* PopoverContentView.swift in Sources */ = {isa = PBXBuildFile; fileRef = D03B5C644C704D63E5F86C20 /* PopoverContentView.swift */; };
		53A6845B9DDC236E2AA8BC7B /* PretendardVariable.ttf in Resources */ = {isa = PBXBuildFile; fileRef = 2416472810E29E43641FBC70 /* PretendardVariable.ttf */; };
		54CC1A4B35743BD034DC72F0 /* BatteryProvider.swift in Sources */ = {isa = PBXBuildFile; fileRef = B8D87FCAC4528FF3B73DFD05 /* BatteryProvider.swift */; };
		590821C300D81BB07D5E1329 /* SMC.swift in Sources */ = {isa = PBXBuildFile; fileRef = CB9717A4622D508E51C16FA8 /* SMC.swift */; };
		67087007F09610655F68D44C /* Clock.swift in Sources */ = {isa = PBXBuildFile; fileRef = 1D2CEA18A30B021587C24F0A /* Clock.swift */; };
		6908BD61C6584F0B0EAF637D /* MemoryUsage.swift in Sources */ = {isa = PBXBuildFile; fileRef = FA98B2B1F73BCF4A0B7AC05B /* MemoryUsage.swift */; };
		6F774A27D580235290B80753 /* PowerProvider.swift in Sources */ = {isa = PBXBuildFile; fileRef = A3BF59076BCF45AF5DFB2F47 /* PowerProvider.swift */; };
		704B65E517FECD08B4CD6DC4 /* PowerSmoothing.swift in Sources */ = {isa = PBXBuildFile; fileRef = 3A4050A1C7B99C5FDEB0117D /* PowerSmoothing.swift */; };
		73E2133420A33E60F7329D42 /* HistoryTests.swift in Sources */ = {isa = PBXBuildFile; fileRef = 832652672791FAC9750165B6 /* HistoryTests.swift */; };
		7A394705C6834B5A9358DA10 /* Settings.swift in Sources */ = {isa = PBXBuildFile; fileRef = 7818C9B5500C51EA6F62B3F4 /* Settings.swift */; };
		7E0DF3B2D7E2BAE6BDEB7764 /* TemperatureProvider.swift in Sources */ = {isa = PBXBuildFile; fileRef = 419C0BB5C63DC6C6DCEE8BBF /* TemperatureProvider.swift */; };
		9116A7E504B9F1FDF8F70F17 /* MetricSample.swift in Sources */ = {isa = PBXBuildFile; fileRef = 5280F85A9A3EAB8E9FF4F733 /* MetricSample.swift */; };
		9164682B8D7954ADA22F3710 /* BatteryPower.swift in Sources */ = {isa = PBXBuildFile; fileRef = F0BB325E6C8D3C6B7207404B /* BatteryPower.swift */; };
		9FEB7B58ADB954A8827E3A17 /* Assets.xcassets in Resources */ = {isa = PBXBuildFile; fileRef = 67FE518CDA8ED1E9E6BAB874 /* Assets.xcassets */; };
		AA5F16A6EDFD5217C14C02B6 /* PowerSmoothingTests.swift in Sources */ = {isa = PBXBuildFile; fileRef = 3F5BBBFEC7E20B1DBE033A22 /* PowerSmoothingTests.swift */; };
		AB501C8FD423C41AF297476F /* WattlyFont.swift in Sources */ = {isa = PBXBuildFile; fileRef = C7B5E285FF8EA4DDD90B3B03 /* WattlyFont.swift */; };
		ACDC80B0A710B12831C2F88D /* FakeProvider.swift in Sources */ = {isa = PBXBuildFile; fileRef = 32D8574AAFF0BFEF6380060D /* FakeProvider.swift */; };
		AD7234042C8B58DCD400BE17 /* CardPresentationTests.swift in Sources */ = {isa = PBXBuildFile; fileRef = E0AD4C82FC1A9EA5F33B69B3 /* CardPresentationTests.swift */; };
		B84ADFB9A7B85CE18C766236 /* PowerEnergy.swift in Sources */ = {isa = PBXBuildFile; fileRef = 10635C5861EA5A327ED9CC2F /* PowerEnergy.swift */; };
		BA684AC2BA23B20C13094637 /* README.md in Resources */ = {isa = PBXBuildFile; fileRef = 9044978DE889FEBEC87F3486 /* README.md */; };
		BBADDDEE7D705F9308877FFA /* Sparkline.swift in Sources */ = {isa = PBXBuildFile; fileRef = E16EB2DF75F2A90917F1881D /* Sparkline.swift */; };
		C62950358A727257558A982E /* History.swift in Sources */ = {isa = PBXBuildFile; fileRef = 8ACAEB9B7EE979F55ECF5CC3 /* History.swift */; };
		C9E719E7D0D0152859146746 /* SettingsView.swift in Sources */ = {isa = PBXBuildFile; fileRef = 7B2DE33D7B63228682966B89 /* SettingsView.swift */; };
		D43BD771779302A73C41B245 /* CPUProvider.swift in Sources */ = {isa = PBXBuildFile; fileRef = 95D9BB66FA468EDC722C9692 /* CPUProvider.swift */; };
		D97CEF0FEFA4CF334E3DB6F1 /* SmoothingOverlayTests.swift in Sources */ = {isa = PBXBuildFile; fileRef = ADCD49E78A7446DE396FBE48 /* SmoothingOverlayTests.swift */; };
		DB5376908CFC7D56976E43DE /* MemoryUsageTests.swift in Sources */ = {isa = PBXBuildFile; fileRef = 7F4F7AF2CAC7816F6FA756B2 /* MemoryUsageTests.swift */; };
		E6D4F1BE411CB7202D52B89D /* BatteryPowerTests.swift in Sources */ = {isa = PBXBuildFile; fileRef = 4B193EC77CC4F6135B8F3566 /* BatteryPowerTests.swift */; };
		F2CB4E2A4AE442F961B0E497 /* PowerEnergyTests.swift in Sources */ = {isa = PBXBuildFile; fileRef = D8019EC757BBE28FC570B71D /* PowerEnergyTests.swift */; };
		F80BC2C8905EECB7EAE8DA5C /* SystemMonitor.swift in Sources */ = {isa = PBXBuildFile; fileRef = F61FA5F6DFF92047EE2B7B8E /* SystemMonitor.swift */; };
		FCFFB2CEE33152456E33982A /* CardKind.swift in Sources */ = {isa = PBXBuildFile; fileRef = 6C28B12BD323D1E5FE11B646 /* CardKind.swift */; };
		FE58DF7DBC6DA12ECB9CDB7B /* WattlyApp.swift in Sources */ = {isa = PBXBuildFile; fileRef = 9174C12241D59747340FB7CC /* WattlyApp.swift */; };
/* End PBXBuildFile section */

/* Begin PBXContainerItemProxy section */
		528517CBEDE77F5F82BD7C86 /* PBXContainerItemProxy */ = {
			isa = PBXContainerItemProxy;
			containerPortal = 7ACCBC865A2369A582CFBCD6 /* Project object */;
			proxyType = 1;
			remoteGlobalIDString = 6AA7BFBB43C66ED8C791FC43;
			remoteInfo = Wattly;
		};
/* End PBXContainerItemProxy section */

/* Begin PBXFileReference section */
		00082133CD88B0F35342BB85 /* SparklineView.swift */ = {isa = PBXFileReference; lastKnownFileType = sourcecode.swift; path = SparklineView.swift; sourceTree = "<group>"; };
		0721DEAA1855EE4C25F48F35 /* Temperature.swift */ = {isa = PBXFileReference; lastKnownFileType = sourcecode.swift; path = Temperature.swift; sourceTree = "<group>"; };
		10635C5861EA5A327ED9CC2F /* PowerEnergy.swift */ = {isa = PBXFileReference; lastKnownFileType = sourcecode.swift; path = PowerEnergy.swift; sourceTree = "<group>"; };
		16699BC4854BB993A0BB6073 /* FontRegistration.swift */ = {isa = PBXFileReference; lastKnownFileType = sourcecode.swift; path = FontRegistration.swift; sourceTree = "<group>"; };
		1D2CEA18A30B021587C24F0A /* Clock.swift */ = {isa = PBXFileReference; lastKnownFileType = sourcecode.swift; path = Clock.swift; sourceTree = "<group>"; };
		2416472810E29E43641FBC70 /* PretendardVariable.ttf */ = {isa = PBXFileReference; lastKnownFileType = file; path = PretendardVariable.ttf; sourceTree = "<group>"; };
		32D8574AAFF0BFEF6380060D /* FakeProvider.swift */ = {isa = PBXFileReference; lastKnownFileType = sourcecode.swift; path = FakeProvider.swift; sourceTree = "<group>"; };
		3A4050A1C7B99C5FDEB0117D /* PowerSmoothing.swift */ = {isa = PBXFileReference; lastKnownFileType = sourcecode.swift; path = PowerSmoothing.swift; sourceTree = "<group>"; };
		3CC07BAFD29885CF7E76FF5D /* MetricProvider.swift */ = {isa = PBXFileReference; lastKnownFileType = sourcecode.swift; path = MetricProvider.swift; sourceTree = "<group>"; };
		3F5BBBFEC7E20B1DBE033A22 /* PowerSmoothingTests.swift */ = {isa = PBXFileReference; lastKnownFileType = sourcecode.swift; path = PowerSmoothingTests.swift; sourceTree = "<group>"; };
		416979B2919C07DC814AE533 /* Glyphs.swift */ = {isa = PBXFileReference; lastKnownFileType = sourcecode.swift; path = Glyphs.swift; sourceTree = "<group>"; };
		419C0BB5C63DC6C6DCEE8BBF /* TemperatureProvider.swift */ = {isa = PBXFileReference; lastKnownFileType = sourcecode.swift; path = TemperatureProvider.swift; sourceTree = "<group>"; };
		4533B30821882929BD063FA4 /* Theme.swift */ = {isa = PBXFileReference; lastKnownFileType = sourcecode.swift; path = Theme.swift; sourceTree = "<group>"; };
		4B193EC77CC4F6135B8F3566 /* BatteryPowerTests.swift */ = {isa = PBXFileReference; lastKnownFileType = sourcecode.swift; path = BatteryPowerTests.swift; sourceTree = "<group>"; };
		5280F85A9A3EAB8E9FF4F733 /* MetricSample.swift */ = {isa = PBXFileReference; lastKnownFileType = sourcecode.swift; path = MetricSample.swift; sourceTree = "<group>"; };
		5C6277EFF84708F461754CA3 /* CPUUsageTests.swift */ = {isa = PBXFileReference; lastKnownFileType = sourcecode.swift; path = CPUUsageTests.swift; sourceTree = "<group>"; };
		5FADA80FC02FE00A50BB9B45 /* CardPresentation.swift */ = {isa = PBXFileReference; lastKnownFileType = sourcecode.swift; path = CardPresentation.swift; sourceTree = "<group>"; };
		67FE518CDA8ED1E9E6BAB874 /* Assets.xcassets */ = {isa = PBXFileReference; lastKnownFileType = folder.assetcatalog; path = Assets.xcassets; sourceTree = "<group>"; };
		6C28B12BD323D1E5FE11B646 /* CardKind.swift */ = {isa = PBXFileReference; lastKnownFileType = sourcecode.swift; path = CardKind.swift; sourceTree = "<group>"; };
		6D016BCB249C488EC97DBF25 /* Tokens.swift */ = {isa = PBXFileReference; lastKnownFileType = sourcecode.swift; path = Tokens.swift; sourceTree = "<group>"; };
		70F55E227946867EDB8D1BC9 /* MenuBarLabel.swift */ = {isa = PBXFileReference; lastKnownFileType = sourcecode.swift; path = MenuBarLabel.swift; sourceTree = "<group>"; };
		7818C9B5500C51EA6F62B3F4 /* Settings.swift */ = {isa = PBXFileReference; lastKnownFileType = sourcecode.swift; path = Settings.swift; sourceTree = "<group>"; };
		7B2DE33D7B63228682966B89 /* SettingsView.swift */ = {isa = PBXFileReference; lastKnownFileType = sourcecode.swift; path = SettingsView.swift; sourceTree = "<group>"; };
		7F4F7AF2CAC7816F6FA756B2 /* MemoryUsageTests.swift */ = {isa = PBXFileReference; lastKnownFileType = sourcecode.swift; path = MemoryUsageTests.swift; sourceTree = "<group>"; };
		832652672791FAC9750165B6 /* HistoryTests.swift */ = {isa = PBXFileReference; lastKnownFileType = sourcecode.swift; path = HistoryTests.swift; sourceTree = "<group>"; };
		8438B433DF80F449BCB80630 /* MetricState.swift */ = {isa = PBXFileReference; lastKnownFileType = sourcecode.swift; path = MetricState.swift; sourceTree = "<group>"; };
		8ACAEB9B7EE979F55ECF5CC3 /* History.swift */ = {isa = PBXFileReference; lastKnownFileType = sourcecode.swift; path = History.swift; sourceTree = "<group>"; };
		9044978DE889FEBEC87F3486 /* README.md */ = {isa = PBXFileReference; lastKnownFileType = net.daringfireball.markdown; path = README.md; sourceTree = "<group>"; };
		9174C12241D59747340FB7CC /* WattlyApp.swift */ = {isa = PBXFileReference; lastKnownFileType = sourcecode.swift; path = WattlyApp.swift; sourceTree = "<group>"; };
		91C76F1ADD8A1D0EC7C3CCCC /* MetricCardView.swift */ = {isa = PBXFileReference; lastKnownFileType = sourcecode.swift; path = MetricCardView.swift; sourceTree = "<group>"; };
		95D9BB66FA468EDC722C9692 /* CPUProvider.swift */ = {isa = PBXFileReference; lastKnownFileType = sourcecode.swift; path = CPUProvider.swift; sourceTree = "<group>"; };
		9727A71C66783C40237A39E4 /* Wattly.app */ = {isa = PBXFileReference; explicitFileType = wrapper.application; includeInIndex = 0; path = Wattly.app; sourceTree = BUILT_PRODUCTS_DIR; };
		A3BF59076BCF45AF5DFB2F47 /* PowerProvider.swift */ = {isa = PBXFileReference; lastKnownFileType = sourcecode.swift; path = PowerProvider.swift; sourceTree = "<group>"; };
		A61C78982D0A278875AC6792 /* SmoothingOverlay.swift */ = {isa = PBXFileReference; lastKnownFileType = sourcecode.swift; path = SmoothingOverlay.swift; sourceTree = "<group>"; };
		ADCD49E78A7446DE396FBE48 /* SmoothingOverlayTests.swift */ = {isa = PBXFileReference; lastKnownFileType = sourcecode.swift; path = SmoothingOverlayTests.swift; sourceTree = "<group>"; };
		AEB8384534F32A983330C07B /* SparklineTests.swift */ = {isa = PBXFileReference; lastKnownFileType = sourcecode.swift; path = SparklineTests.swift; sourceTree = "<group>"; };
		B2D20B3A555B467EDAEC27F5 /* WattlyTests.xctest */ = {isa = PBXFileReference; explicitFileType = wrapper.cfbundle; includeInIndex = 0; path = WattlyTests.xctest; sourceTree = BUILT_PRODUCTS_DIR; };
		B8D87FCAC4528FF3B73DFD05 /* BatteryProvider.swift */ = {isa = PBXFileReference; lastKnownFileType = sourcecode.swift; path = BatteryProvider.swift; sourceTree = "<group>"; };
		C7B5E285FF8EA4DDD90B3B03 /* WattlyFont.swift */ = {isa = PBXFileReference; lastKnownFileType = sourcecode.swift; path = WattlyFont.swift; sourceTree = "<group>"; };
		CB9717A4622D508E51C16FA8 /* SMC.swift */ = {isa = PBXFileReference; lastKnownFileType = sourcecode.swift; path = SMC.swift; sourceTree = "<group>"; };
		CE8B45929FB77AE51839080D /* SystemMonitorTests.swift */ = {isa = PBXFileReference; lastKnownFileType = sourcecode.swift; path = SystemMonitorTests.swift; sourceTree = "<group>"; };
		D03B5C644C704D63E5F86C20 /* PopoverContentView.swift */ = {isa = PBXFileReference; lastKnownFileType = sourcecode.swift; path = PopoverContentView.swift; sourceTree = "<group>"; };
		D8019EC757BBE28FC570B71D /* PowerEnergyTests.swift */ = {isa = PBXFileReference; lastKnownFileType = sourcecode.swift; path = PowerEnergyTests.swift; sourceTree = "<group>"; };
		DECFD3734A1569FA8CFE4AF5 /* OFL.txt */ = {isa = PBXFileReference; lastKnownFileType = text; path = OFL.txt; sourceTree = "<group>"; };
		E0AD4C82FC1A9EA5F33B69B3 /* CardPresentationTests.swift */ = {isa = PBXFileReference; lastKnownFileType = sourcecode.swift; path = CardPresentationTests.swift; sourceTree = "<group>"; };
		E16EB2DF75F2A90917F1881D /* Sparkline.swift */ = {isa = PBXFileReference; lastKnownFileType = sourcecode.swift; path = Sparkline.swift; sourceTree = "<group>"; };
		EBCFA8BD7953C7F1E6ED403C /* MemoryProvider.swift */ = {isa = PBXFileReference; lastKnownFileType = sourcecode.swift; path = MemoryProvider.swift; sourceTree = "<group>"; };
		F0BB325E6C8D3C6B7207404B /* BatteryPower.swift */ = {isa = PBXFileReference; lastKnownFileType = sourcecode.swift; path = BatteryPower.swift; sourceTree = "<group>"; };
		F1A07555B3221FE4D57FED44 /* TemperatureTests.swift */ = {isa = PBXFileReference; lastKnownFileType = sourcecode.swift; path = TemperatureTests.swift; sourceTree = "<group>"; };
		F61FA5F6DFF92047EE2B7B8E /* SystemMonitor.swift */ = {isa = PBXFileReference; lastKnownFileType = sourcecode.swift; path = SystemMonitor.swift; sourceTree = "<group>"; };
		F9AB5AA6871BCF1DC1EEBBE7 /* CPUUsage.swift */ = {isa = PBXFileReference; lastKnownFileType = sourcecode.swift; path = CPUUsage.swift; sourceTree = "<group>"; };
		FA98B2B1F73BCF4A0B7AC05B /* MemoryUsage.swift */ = {isa = PBXFileReference; lastKnownFileType = sourcecode.swift; path = MemoryUsage.swift; sourceTree = "<group>"; };
/* End PBXFileReference section */

/* Begin PBXGroup section */
		1B4DC2B8547C7A7C02CCEBE4 /* Core */ = {
			isa = PBXGroup;
			children = (
				F0BB325E6C8D3C6B7207404B /* BatteryPower.swift */,
				5FADA80FC02FE00A50BB9B45 /* CardPresentation.swift */,
				1D2CEA18A30B021587C24F0A /* Clock.swift */,
				F9AB5AA6871BCF1DC1EEBBE7 /* CPUUsage.swift */,
				8ACAEB9B7EE979F55ECF5CC3 /* History.swift */,
				FA98B2B1F73BCF4A0B7AC05B /* MemoryUsage.swift */,
				3CC07BAFD29885CF7E76FF5D /* MetricProvider.swift */,
				10635C5861EA5A327ED9CC2F /* PowerEnergy.swift */,
				3A4050A1C7B99C5FDEB0117D /* PowerSmoothing.swift */,
				CB9717A4622D508E51C16FA8 /* SMC.swift */,
				A61C78982D0A278875AC6792 /* SmoothingOverlay.swift */,
				E16EB2DF75F2A90917F1881D /* Sparkline.swift */,
				F61FA5F6DFF92047EE2B7B8E /* SystemMonitor.swift */,
				0721DEAA1855EE4C25F48F35 /* Temperature.swift */,
			);
			path = Core;
			sourceTree = "<group>";
		};
		491F74191B36107B4E82A8AC /* Views */ = {
			isa = PBXGroup;
			children = (
				70F55E227946867EDB8D1BC9 /* MenuBarLabel.swift */,
				91C76F1ADD8A1D0EC7C3CCCC /* MetricCardView.swift */,
				D03B5C644C704D63E5F86C20 /* PopoverContentView.swift */,
				7B2DE33D7B63228682966B89 /* SettingsView.swift */,
				00082133CD88B0F35342BB85 /* SparklineView.swift */,
			);
			path = Views;
			sourceTree = "<group>";
		};
		4CB4D6743A54EDEA88B6B8DE = {
			isa = PBXGroup;
			children = (
				AA43F087443C5735CF5C00E2 /* Wattly */,
				8722763ECF3B075B3EB9B9B6 /* WattlyTests */,
				7C0B7F3D0447F2BE13F8E016 /* Products */,
			);
			sourceTree = "<group>";
		};
		5E4A16070CE151CA813306D6 /* App */ = {
			isa = PBXGroup;
			children = (
				9174C12241D59747340FB7CC /* WattlyApp.swift */,
			);
			path = App;
			sourceTree = "<group>";
		};
		6A4025230D06BCA57AD95EED /* Models */ = {
			isa = PBXGroup;
			children = (
				6C28B12BD323D1E5FE11B646 /* CardKind.swift */,
				5280F85A9A3EAB8E9FF4F733 /* MetricSample.swift */,
				8438B433DF80F449BCB80630 /* MetricState.swift */,
			);
			path = Models;
			sourceTree = "<group>";
		};
		7C0B7F3D0447F2BE13F8E016 /* Products */ = {
			isa = PBXGroup;
			children = (
				9727A71C66783C40237A39E4 /* Wattly.app */,
				B2D20B3A555B467EDAEC27F5 /* WattlyTests.xctest */,
			);
			name = Products;
			sourceTree = "<group>";
		};
		8722763ECF3B075B3EB9B9B6 /* WattlyTests */ = {
			isa = PBXGroup;
			children = (
				4B193EC77CC4F6135B8F3566 /* BatteryPowerTests.swift */,
				E0AD4C82FC1A9EA5F33B69B3 /* CardPresentationTests.swift */,
				5C6277EFF84708F461754CA3 /* CPUUsageTests.swift */,
				832652672791FAC9750165B6 /* HistoryTests.swift */,
				7F4F7AF2CAC7816F6FA756B2 /* MemoryUsageTests.swift */,
				D8019EC757BBE28FC570B71D /* PowerEnergyTests.swift */,
				3F5BBBFEC7E20B1DBE033A22 /* PowerSmoothingTests.swift */,
				ADCD49E78A7446DE396FBE48 /* SmoothingOverlayTests.swift */,
				AEB8384534F32A983330C07B /* SparklineTests.swift */,
				CE8B45929FB77AE51839080D /* SystemMonitorTests.swift */,
				F1A07555B3221FE4D57FED44 /* TemperatureTests.swift */,
			);
			path = WattlyTests;
			sourceTree = "<group>";
		};
		A2F5C549418FCA4D31AE65D8 /* DesignSystem */ = {
			isa = PBXGroup;
			children = (
				16699BC4854BB993A0BB6073 /* FontRegistration.swift */,
				416979B2919C07DC814AE533 /* Glyphs.swift */,
				4533B30821882929BD063FA4 /* Theme.swift */,
				6D016BCB249C488EC97DBF25 /* Tokens.swift */,
				C7B5E285FF8EA4DDD90B3B03 /* WattlyFont.swift */,
			);
			path = DesignSystem;
			sourceTree = "<group>";
		};
		AA43F087443C5735CF5C00E2 /* Wattly */ = {
			isa = PBXGroup;
			children = (
				5E4A16070CE151CA813306D6 /* App */,
				1B4DC2B8547C7A7C02CCEBE4 /* Core */,
				A2F5C549418FCA4D31AE65D8 /* DesignSystem */,
				B24F6F41D45A1B4FA014DC94 /* Fonts */,
				6A4025230D06BCA57AD95EED /* Models */,
				D4A51F1892CBA50F525F9C5E /* Providers */,
				EBC2DA7DFEFEB654EF82FC96 /* Settings */,
				491F74191B36107B4E82A8AC /* Views */,
				67FE518CDA8ED1E9E6BAB874 /* Assets.xcassets */,
			);
			path = Wattly;
			sourceTree = "<group>";
		};
		B24F6F41D45A1B4FA014DC94 /* Fonts */ = {
			isa = PBXGroup;
			children = (
				DECFD3734A1569FA8CFE4AF5 /* OFL.txt */,
				2416472810E29E43641FBC70 /* PretendardVariable.ttf */,
				9044978DE889FEBEC87F3486 /* README.md */,
			);
			path = Fonts;
			sourceTree = "<group>";
		};
		D4A51F1892CBA50F525F9C5E /* Providers */ = {
			isa = PBXGroup;
			children = (
				B8D87FCAC4528FF3B73DFD05 /* BatteryProvider.swift */,
				95D9BB66FA468EDC722C9692 /* CPUProvider.swift */,
				32D8574AAFF0BFEF6380060D /* FakeProvider.swift */,
				EBCFA8BD7953C7F1E6ED403C /* MemoryProvider.swift */,
				A3BF59076BCF45AF5DFB2F47 /* PowerProvider.swift */,
				419C0BB5C63DC6C6DCEE8BBF /* TemperatureProvider.swift */,
			);
			path = Providers;
			sourceTree = "<group>";
		};
		EBC2DA7DFEFEB654EF82FC96 /* Settings */ = {
			isa = PBXGroup;
			children = (
				7818C9B5500C51EA6F62B3F4 /* Settings.swift */,
			);
			path = Settings;
			sourceTree = "<group>";
		};
/* End PBXGroup section */

/* Begin PBXNativeTarget section */
		0E18ED5A2F2F566B9A082754 /* WattlyTests */ = {
			isa = PBXNativeTarget;
			buildConfigurationList = A4496577C5CB706BBDF3EFE6 /* Build configuration list for PBXNativeTarget "WattlyTests" */;
			buildPhases = (
				1CBF3E3376F0B9B67C8C3969 /* Sources */,
			);
			buildRules = (
			);
			dependencies = (
				AB3426E87DE1BB5E97A255DC /* PBXTargetDependency */,
			);
			name = WattlyTests;
			packageProductDependencies = (
			);
			productName = WattlyTests;
			productReference = B2D20B3A555B467EDAEC27F5 /* WattlyTests.xctest */;
			productType = "com.apple.product-type.bundle.unit-test";
		};
		6AA7BFBB43C66ED8C791FC43 /* Wattly */ = {
			isa = PBXNativeTarget;
			buildConfigurationList = 2EAC76E29A95EA582CB02BC8 /* Build configuration list for PBXNativeTarget "Wattly" */;
			buildPhases = (
				596C88E1C025C1A94C297D8C /* Sources */,
				C2CB2893692AFC5E33BDA57C /* Resources */,
			);
			buildRules = (
			);
			dependencies = (
			);
			name = Wattly;
			packageProductDependencies = (
			);
			productName = Wattly;
			productReference = 9727A71C66783C40237A39E4 /* Wattly.app */;
			productType = "com.apple.product-type.application";
		};
/* End PBXNativeTarget section */

/* Begin PBXProject section */
		7ACCBC865A2369A582CFBCD6 /* Project object */ = {
			isa = PBXProject;
			attributes = {
				BuildIndependentTargetsInParallel = YES;
				LastUpgradeCheck = 1430;
				TargetAttributes = {
					0E18ED5A2F2F566B9A082754 = {
						ProvisioningStyle = Automatic;
					};
					6AA7BFBB43C66ED8C791FC43 = {
						ProvisioningStyle = Automatic;
					};
				};
			};
			buildConfigurationList = 4565771F923D6A6370A08EA2 /* Build configuration list for PBXProject "Wattly" */;
			developmentRegion = en;
			hasScannedForEncodings = 0;
			knownRegions = (
				Base,
				en,
			);
			mainGroup = 4CB4D6743A54EDEA88B6B8DE;
			minimizedProjectReferenceProxies = 1;
			preferredProjectObjectVersion = 77;
			productRefGroup = 7C0B7F3D0447F2BE13F8E016 /* Products */;
			projectDirPath = "";
			projectRoot = "";
			targets = (
				6AA7BFBB43C66ED8C791FC43 /* Wattly */,
				0E18ED5A2F2F566B9A082754 /* WattlyTests */,
			);
		};
/* End PBXProject section */

/* Begin PBXResourcesBuildPhase section */
		C2CB2893692AFC5E33BDA57C /* Resources */ = {
			isa = PBXResourcesBuildPhase;
			buildActionMask = 2147483647;
			files = (
				9FEB7B58ADB954A8827E3A17 /* Assets.xcassets in Resources */,
				31926AD6C690491825627C11 /* OFL.txt in Resources */,
				53A6845B9DDC236E2AA8BC7B /* PretendardVariable.ttf in Resources */,
				BA684AC2BA23B20C13094637 /* README.md in Resources */,
			);
			runOnlyForDeploymentPostprocessing = 0;
		};
/* End PBXResourcesBuildPhase section */

/* Begin PBXSourcesBuildPhase section */
		1CBF3E3376F0B9B67C8C3969 /* Sources */ = {
			isa = PBXSourcesBuildPhase;
			buildActionMask = 2147483647;
			files = (
				E6D4F1BE411CB7202D52B89D /* BatteryPowerTests.swift in Sources */,
				485735366A6681DDDB9B001C /* CPUUsageTests.swift in Sources */,
				AD7234042C8B58DCD400BE17 /* CardPresentationTests.swift in Sources */,
				73E2133420A33E60F7329D42 /* HistoryTests.swift in Sources */,
				DB5376908CFC7D56976E43DE /* MemoryUsageTests.swift in Sources */,
				F2CB4E2A4AE442F961B0E497 /* PowerEnergyTests.swift in Sources */,
				AA5F16A6EDFD5217C14C02B6 /* PowerSmoothingTests.swift in Sources */,
				D97CEF0FEFA4CF334E3DB6F1 /* SmoothingOverlayTests.swift in Sources */,
				36349F6A02D7C184EADAAD51 /* SparklineTests.swift in Sources */,
				3B88FC69C5E47ED84C95CAB3 /* SystemMonitorTests.swift in Sources */,
				15DAB5064926E774708AA4A3 /* TemperatureTests.swift in Sources */,
			);
			runOnlyForDeploymentPostprocessing = 0;
		};
		596C88E1C025C1A94C297D8C /* Sources */ = {
			isa = PBXSourcesBuildPhase;
			buildActionMask = 2147483647;
			files = (
				9164682B8D7954ADA22F3710 /* BatteryPower.swift in Sources */,
				54CC1A4B35743BD034DC72F0 /* BatteryProvider.swift in Sources */,
				D43BD771779302A73C41B245 /* CPUProvider.swift in Sources */,
				0DFE06348B464F92F5334297 /* CPUUsage.swift in Sources */,
				FCFFB2CEE33152456E33982A /* CardKind.swift in Sources */,
				4219CC4B500EF72AA9C617E6 /* CardPresentation.swift in Sources */,
				67087007F09610655F68D44C /* Clock.swift in Sources */,
				ACDC80B0A710B12831C2F88D /* FakeProvider.swift in Sources */,
				1A2C69151BFE413F8609A063 /* FontRegistration.swift in Sources */,
				24E614EA3299409018DD6491 /* Glyphs.swift in Sources */,
				C62950358A727257558A982E /* History.swift in Sources */,
				1A724723A0F5517BF2BB945B /* MemoryProvider.swift in Sources */,
				6908BD61C6584F0B0EAF637D /* MemoryUsage.swift in Sources */,
				339352DA4758AE187D4E7000 /* MenuBarLabel.swift in Sources */,
				13292970464831F33074AF3A /* MetricCardView.swift in Sources */,
				34B7DAF861D1D07C5F31775B /* MetricProvider.swift in Sources */,
				9116A7E504B9F1FDF8F70F17 /* MetricSample.swift in Sources */,
				4246E0D4D39477B3418FAF05 /* MetricState.swift in Sources */,
				4E447F926511D41AB43E6AF4 /* PopoverContentView.swift in Sources */,
				B84ADFB9A7B85CE18C766236 /* PowerEnergy.swift in Sources */,
				6F774A27D580235290B80753 /* PowerProvider.swift in Sources */,
				704B65E517FECD08B4CD6DC4 /* PowerSmoothing.swift in Sources */,
				590821C300D81BB07D5E1329 /* SMC.swift in Sources */,
				7A394705C6834B5A9358DA10 /* Settings.swift in Sources */,
				C9E719E7D0D0152859146746 /* SettingsView.swift in Sources */,
				1E0778BF5B4D3664E6C18C9B /* SmoothingOverlay.swift in Sources */,
				BBADDDEE7D705F9308877FFA /* Sparkline.swift in Sources */,
				222AEAEE28AEA0F1432E10D0 /* SparklineView.swift in Sources */,
				F80BC2C8905EECB7EAE8DA5C /* SystemMonitor.swift in Sources */,
				32A2E4A4DC43E9ED03E0ADA7 /* Temperature.swift in Sources */,
				7E0DF3B2D7E2BAE6BDEB7764 /* TemperatureProvider.swift in Sources */,
				351A26180194AB3D3EF7C3F2 /* Theme.swift in Sources */,
				0CFE1F2EDC6A20038D493BDA /* Tokens.swift in Sources */,
				FE58DF7DBC6DA12ECB9CDB7B /* WattlyApp.swift in Sources */,
				AB501C8FD423C41AF297476F /* WattlyFont.swift in Sources */,
			);
			runOnlyForDeploymentPostprocessing = 0;
		};
/* End PBXSourcesBuildPhase section */

/* Begin PBXTargetDependency section */
		AB3426E87DE1BB5E97A255DC /* PBXTargetDependency */ = {
			isa = PBXTargetDependency;
			target = 6AA7BFBB43C66ED8C791FC43 /* Wattly */;
			targetProxy = 528517CBEDE77F5F82BD7C86 /* PBXContainerItemProxy */;
		};
/* End PBXTargetDependency section */

/* Begin XCBuildConfiguration section */
		48E11345CA412B0A8552782F /* Release */ = {
			isa = XCBuildConfiguration;
			buildSettings = {
				CODE_SIGN_IDENTITY = "-";
				CODE_SIGN_STYLE = Automatic;
				DEBUG_INFORMATION_FORMAT = "dwarf-with-dsym";
				ENABLE_HARDENED_RUNTIME = NO;
				ENABLE_USER_SCRIPT_SANDBOXING = YES;
				MACOSX_DEPLOYMENT_TARGET = 14.0;
				SDKROOT = macosx;
				SWIFT_COMPILATION_MODE = wholemodule;
				SWIFT_OPTIMIZATION_LEVEL = "-O";
				SWIFT_VERSION = 6.0;
			};
			name = Release;
		};
		A90E3DC3991126EBD78222C8 /* Release */ = {
			isa = XCBuildConfiguration;
			buildSettings = {
				BUNDLE_LOADER = "$(TEST_HOST)";
				GENERATE_INFOPLIST_FILE = YES;
				PRODUCT_BUNDLE_IDENTIFIER = dev.jjundev.WattlyTests;
				PRODUCT_NAME = WattlyTests;
				TEST_HOST = "$(BUILT_PRODUCTS_DIR)/Wattly.app/Contents/MacOS/Wattly";
			};
			name = Release;
		};
		B3EB5F36790EEBFE1410D0AF /* Debug */ = {
			isa = XCBuildConfiguration;
			buildSettings = {
				CODE_SIGN_IDENTITY = "-";
				CODE_SIGN_STYLE = Automatic;
				DEBUG_INFORMATION_FORMAT = dwarf;
				ENABLE_HARDENED_RUNTIME = NO;
				ENABLE_TESTABILITY = YES;
				ENABLE_USER_SCRIPT_SANDBOXING = YES;
				MACOSX_DEPLOYMENT_TARGET = 14.0;
				SDKROOT = macosx;
				SWIFT_ACTIVE_COMPILATION_CONDITIONS = DEBUG;
				SWIFT_OPTIMIZATION_LEVEL = "-Onone";
				SWIFT_VERSION = 6.0;
			};
			name = Debug;
		};
		E3E1299F5BA292D6CB71EC61 /* Release */ = {
			isa = XCBuildConfiguration;
			buildSettings = {
				ASSETCATALOG_COMPILER_APPICON_NAME = AppIcon;
				ASSETCATALOG_COMPILER_GLOBAL_ACCENT_COLOR_NAME = AccentColor;
				CURRENT_PROJECT_VERSION = 1;
				GENERATE_INFOPLIST_FILE = YES;
				INFOPLIST_KEY_CFBundleDisplayName = Wattly;
				INFOPLIST_KEY_LSApplicationCategoryType = "public.app-category.utilities";
				INFOPLIST_KEY_LSUIElement = YES;
				INFOPLIST_KEY_NSHumanReadableCopyright = "Created by jjundev";
				MARKETING_VERSION = 1.0;
				PRODUCT_BUNDLE_IDENTIFIER = dev.jjundev.Wattly;
				PRODUCT_NAME = Wattly;
				SWIFT_EMIT_LOC_STRINGS = YES;
			};
			name = Release;
		};
		E826347A91AF2F4AB6D469F7 /* Debug */ = {
			isa = XCBuildConfiguration;
			buildSettings = {
				BUNDLE_LOADER = "$(TEST_HOST)";
				GENERATE_INFOPLIST_FILE = YES;
				PRODUCT_BUNDLE_IDENTIFIER = dev.jjundev.WattlyTests;
				PRODUCT_NAME = WattlyTests;
				TEST_HOST = "$(BUILT_PRODUCTS_DIR)/Wattly.app/Contents/MacOS/Wattly";
			};
			name = Debug;
		};
		FAD5C120632C88E515CA679F /* Debug */ = {
			isa = XCBuildConfiguration;
			buildSettings = {
				ASSETCATALOG_COMPILER_APPICON_NAME = AppIcon;
				ASSETCATALOG_COMPILER_GLOBAL_ACCENT_COLOR_NAME = AccentColor;
				CURRENT_PROJECT_VERSION = 1;
				GENERATE_INFOPLIST_FILE = YES;
				INFOPLIST_KEY_CFBundleDisplayName = Wattly;
				INFOPLIST_KEY_LSApplicationCategoryType = "public.app-category.utilities";
				INFOPLIST_KEY_LSUIElement = YES;
				INFOPLIST_KEY_NSHumanReadableCopyright = "Created by jjundev";
				MARKETING_VERSION = 1.0;
				PRODUCT_BUNDLE_IDENTIFIER = dev.jjundev.Wattly;
				PRODUCT_NAME = Wattly;
				SWIFT_EMIT_LOC_STRINGS = YES;
			};
			name = Debug;
		};
/* End XCBuildConfiguration section */

/* Begin XCConfigurationList section */
		2EAC76E29A95EA582CB02BC8 /* Build configuration list for PBXNativeTarget "Wattly" */ = {
			isa = XCConfigurationList;
			buildConfigurations = (
				FAD5C120632C88E515CA679F /* Debug */,
				E3E1299F5BA292D6CB71EC61 /* Release */,
			);
			defaultConfigurationIsVisible = 0;
			defaultConfigurationName = Debug;
		};
		4565771F923D6A6370A08EA2 /* Build configuration list for PBXProject "Wattly" */ = {
			isa = XCConfigurationList;
			buildConfigurations = (
				B3EB5F36790EEBFE1410D0AF /* Debug */,
				48E11345CA412B0A8552782F /* Release */,
			);
			defaultConfigurationIsVisible = 0;
			defaultConfigurationName = Debug;
		};
		A4496577C5CB706BBDF3EFE6 /* Build configuration list for PBXNativeTarget "WattlyTests" */ = {
			isa = XCConfigurationList;
			buildConfigurations = (
				E826347A91AF2F4AB6D469F7 /* Debug */,
				A90E3DC3991126EBD78222C8 /* Release */,
			);
			defaultConfigurationIsVisible = 0;
			defaultConfigurationName = Debug;
		};
/* End XCConfigurationList section */
	};
	rootObject = 7ACCBC865A2369A582CFBCD6 /* Project object */;
}
